// !$*UTF8*$!
{
	archiveVersion = 1;
	classes = {
	};
	objectVersion = 56;
	objects = {

/* Begin PBXBuildFile section */
		077DAFCD2A26295000901150 /* FileManager+Extension.swift in Sources */ = {isa = PBXBuildFile; fileRef = 077DAFCC2A26295000901150 /* FileManager+Extension.swift */; };
		077DAFCF2A27741800901150 /* ContactError.swift in Sources */ = {isa = PBXBuildFile; fileRef = 077DAFCE2A27741800901150 /* ContactError.swift */; };
		077DAFD32A28B4BF00901150 /* ContactRow.swift in Sources */ = {isa = PBXBuildFile; fileRef = 077DAFD22A28B4BF00901150 /* ContactRow.swift */; };
		077DAFD52A28B76300901150 /* SectionView.swift in Sources */ = {isa = PBXBuildFile; fileRef = 077DAFD42A28B76300901150 /* SectionView.swift */; };
		07D7EB842A1CF29B00DFECC5 /* ListContactApp.swift in Sources */ = {isa = PBXBuildFile; fileRef = 07D7EB832A1CF29B00DFECC5 /* ListContactApp.swift */; };
		07D7EB862A1CF29B00DFECC5 /* ContactListView.swift in Sources */ = {isa = PBXBuildFile; fileRef = 07D7EB852A1CF29B00DFECC5 /* ContactListView.swift */; };
		07D7EB882A1CF29D00DFECC5 /* Assets.xcassets in Resources */ = {isa = PBXBuildFile; fileRef = 07D7EB872A1CF29D00DFECC5 /* Assets.xcassets */; };
		07D7EB8B2A1CF29D00DFECC5 /* Preview Assets.xcassets in Resources */ = {isa = PBXBuildFile; fileRef = 07D7EB8A2A1CF29D00DFECC5 /* Preview Assets.xcassets */; };
		07D7EB952A1CF2E700DFECC5 /* Contact.swift in Sources */ = {isa = PBXBuildFile; fileRef = 07D7EB942A1CF2E700DFECC5 /* Contact.swift */; };
		07D7EB972A1CF3B500DFECC5 /* ListContactViewModel.swift in Sources */ = {isa = PBXBuildFile; fileRef = 07D7EB962A1CF3B500DFECC5 /* ListContactViewModel.swift */; };
		07D7EB9D2A1E274500DFECC5 /* DetailView.swift in Sources */ = {isa = PBXBuildFile; fileRef = 07D7EB9C2A1E274500DFECC5 /* DetailView.swift */; };
		07D7EB9F2A1E299500DFECC5 /* AddContactView.swift in Sources */ = {isa = PBXBuildFile; fileRef = 07D7EB9E2A1E299500DFECC5 /* AddContactView.swift */; };
/* End PBXBuildFile section */

/* Begin PBXFileReference section */
		077DAFCC2A26295000901150 /* FileManager+Extension.swift */ = {isa = PBXFileReference; lastKnownFileType = sourcecode.swift; path = "FileManager+Extension.swift"; sourceTree = "<group>"; };
		077DAFCE2A27741800901150 /* ContactError.swift */ = {isa = PBXFileReference; lastKnownFileType = sourcecode.swift; path = ContactError.swift; sourceTree = "<group>"; };
		077DAFD22A28B4BF00901150 /* ContactRow.swift */ = {isa = PBXFileReference; lastKnownFileType = sourcecode.swift; path = ContactRow.swift; sourceTree = "<group>"; };
		077DAFD42A28B76300901150 /* SectionView.swift */ = {isa = PBXFileReference; lastKnownFileType = sourcecode.swift; path = SectionView.swift; sourceTree = "<group>"; };
		07D7EB802A1CF29B00DFECC5 /* ListContact.app */ = {isa = PBXFileReference; explicitFileType = wrapper.application; includeInIndex = 0; path = ListContact.app; sourceTree = BUILT_PRODUCTS_DIR; };
		07D7EB832A1CF29B00DFECC5 /* ListContactApp.swift */ = {isa = PBXFileReference; lastKnownFileType = sourcecode.swift; path = ListContactApp.swift; sourceTree = "<group>"; };
		07D7EB852A1CF29B00DFECC5 /* ContactListView.swift */ = {isa = PBXFileReference; lastKnownFileType = sourcecode.swift; path = ContactListView.swift; sourceTree = "<group>"; };
		07D7EB872A1CF29D00DFECC5 /* Assets.xcassets */ = {isa = PBXFileReference; lastKnownFileType = folder.assetcatalog; path = Assets.xcassets; sourceTree = "<group>"; };
		07D7EB8A2A1CF29D00DFECC5 /* Preview Assets.xcassets */ = {isa = PBXFileReference; lastKnownFileType = folder.assetcatalog; path = "Preview Assets.xcassets"; sourceTree = "<group>"; };
		07D7EB942A1CF2E700DFECC5 /* Contact.swift */ = {isa = PBXFileReference; lastKnownFileType = sourcecode.swift; path = Contact.swift; sourceTree = "<group>"; };
		07D7EB962A1CF3B500DFECC5 /* ListContactViewModel.swift */ = {isa = PBXFileReference; lastKnownFileType = sourcecode.swift; path = ListContactViewModel.swift; sourceTree = "<group>"; };
		07D7EB9C2A1E274500DFECC5 /* DetailView.swift */ = {isa = PBXFileReference; lastKnownFileType = sourcecode.swift; path = DetailView.swift; sourceTree = "<group>"; };
		07D7EB9E2A1E299500DFECC5 /* AddContactView.swift */ = {isa = PBXFileReference; lastKnownFileType = sourcecode.swift; path = AddContactView.swift; sourceTree = "<group>"; };
/* End PBXFileReference section */

/* Begin PBXFrameworksBuildPhase section */
		07D7EB7D2A1CF29B00DFECC5 /* Frameworks */ = {
			isa = PBXFrameworksBuildPhase;
			buildActionMask = 2147483647;
			files = (
			);
			runOnlyForDeploymentPostprocessing = 0;
		};
/* End PBXFrameworksBuildPhase section */

/* Begin PBXGroup section */
		077DAFCB2A26293300901150 /* Extensions */ = {
			isa = PBXGroup;
			children = (
				077DAFCC2A26295000901150 /* FileManager+Extension.swift */,
			);
			path = Extensions;
			sourceTree = "<group>";
		};
		07D7EB772A1CF29B00DFECC5 = {
			isa = PBXGroup;
			children = (
				07D7EB822A1CF29B00DFECC5 /* ListContact */,
				07D7EB812A1CF29B00DFECC5 /* Products */,
			);
			sourceTree = "<group>";
		};
		07D7EB812A1CF29B00DFECC5 /* Products */ = {
			isa = PBXGroup;
			children = (
				07D7EB802A1CF29B00DFECC5 /* ListContact.app */,
			);
			name = Products;
			sourceTree = "<group>";
		};
		07D7EB822A1CF29B00DFECC5 /* ListContact */ = {
			isa = PBXGroup;
			children = (
				07D7EB832A1CF29B00DFECC5 /* ListContactApp.swift */,
				07D7EB932A1CF2CF00DFECC5 /* Views */,
				07D7EB922A1CF2CA00DFECC5 /* ViewModels */,
				07D7EB912A1CF2C600DFECC5 /* Models */,
				077DAFCB2A26293300901150 /* Extensions */,
				07D7EB872A1CF29D00DFECC5 /* Assets.xcassets */,
				07D7EB892A1CF29D00DFECC5 /* Preview Content */,
			);
			path = ListContact;
			sourceTree = "<group>";
		};
		07D7EB892A1CF29D00DFECC5 /* Preview Content */ = {
			isa = PBXGroup;
			children = (
				07D7EB8A2A1CF29D00DFECC5 /* Preview Assets.xcassets */,
			);
			path = "Preview Content";
			sourceTree = "<group>";
		};
		07D7EB912A1CF2C600DFECC5 /* Models */ = {
			isa = PBXGroup;
			children = (
				07D7EB942A1CF2E700DFECC5 /* Contact.swift */,
				077DAFCE2A27741800901150 /* ContactError.swift */,
			);
			path = Models;
			sourceTree = "<group>";
		};
		07D7EB922A1CF2CA00DFECC5 /* ViewModels */ = {
			isa = PBXGroup;
			children = (
				07D7EB962A1CF3B500DFECC5 /* ListContactViewModel.swift */,
			);
			path = ViewModels;
			sourceTree = "<group>";
		};
		07D7EB932A1CF2CF00DFECC5 /* Views */ = {
			isa = PBXGroup;
			children = (
				07D7EB852A1CF29B00DFECC5 /* ContactListView.swift */,
				077DAFD22A28B4BF00901150 /* ContactRow.swift */,
				07D7EB9E2A1E299500DFECC5 /* AddContactView.swift */,
				07D7EB9C2A1E274500DFECC5 /* DetailView.swift */,
				077DAFD42A28B76300901150 /* SectionView.swift */,
			);
			path = Views;
			sourceTree = "<group>";
		};
/* End PBXGroup section */

/* Begin PBXNativeTarget section */
		07D7EB7F2A1CF29B00DFECC5 /* ListContact */ = {
			isa = PBXNativeTarget;
			buildConfigurationList = 07D7EB8E2A1CF29D00DFECC5 /* Build configuration list for PBXNativeTarget "ListContact" */;
			buildPhases = (
				07D7EB7C2A1CF29B00DFECC5 /* Sources */,
				07D7EB7D2A1CF29B00DFECC5 /* Frameworks */,
				07D7EB7E2A1CF29B00DFECC5 /* Resources */,
			);
			buildRules = (
			);
			dependencies = (
			);
			name = ListContact;
			productName = ListContact;
			productReference = 07D7EB802A1CF29B00DFECC5 /* ListContact.app */;
			productType = "com.apple.product-type.application";
		};
/* End PBXNativeTarget section */

/* Begin PBXProject section */
		07D7EB782A1CF29B00DFECC5 /* Project object */ = {
			isa = PBXProject;
			attributes = {
				BuildIndependentTargetsInParallel = 1;
				LastSwiftUpdateCheck = 1430;
				LastUpgradeCheck = 1430;
				TargetAttributes = {
					07D7EB7F2A1CF29B00DFECC5 = {
						CreatedOnToolsVersion = 14.3;
					};
				};
			};
			buildConfigurationList = 07D7EB7B2A1CF29B00DFECC5 /* Build configuration list for PBXProject "ListContact" */;
			compatibilityVersion = "Xcode 14.0";
			developmentRegion = en;
			hasScannedForEncodings = 0;
			knownRegions = (
				en,
				Base,
			);
			mainGroup = 07D7EB772A1CF29B00DFECC5;
			productRefGroup = 07D7EB812A1CF29B00DFECC5 /* Products */;
			projectDirPath = "";
			projectRoot = "";
			targets = (
				07D7EB7F2A1CF29B00DFECC5 /* ListContact */,
			);
		};
/* End PBXProject section */

/* Begin PBXResourcesBuildPhase section */
		07D7EB7E2A1CF29B00DFECC5 /* Resources */ = {
			isa = PBXResourcesBuildPhase;
			buildActionMask = 2147483647;
			files = (
				07D7EB8B2A1CF29D00DFECC5 /* Preview Assets.xcassets in Resources */,
				07D7EB882A1CF29D00DFECC5 /* Assets.xcassets in Resources */,
			);
			runOnlyForDeploymentPostprocessing = 0;
		};
/* End PBXResourcesBuildPhase section */

/* Begin PBXSourcesBuildPhase section */
		07D7EB7C2A1CF29B00DFECC5 /* Sources */ = {
			isa = PBXSourcesBuildPhase;
			buildActionMask = 2147483647;
			files = (
				07D7EB952A1CF2E700DFECC5 /* Contact.swift in Sources */,
				07D7EB972A1CF3B500DFECC5 /* ListContactViewModel.swift in Sources */,
				077DAFD52A28B76300901150 /* SectionView.swift in Sources */,
				077DAFD32A28B4BF00901150 /* ContactRow.swift in Sources */,
				07D7EB9F2A1E299500DFECC5 /* AddContactView.swift in Sources */,
				077DAFCF2A27741800901150 /* ContactError.swift in Sources */,
				07D7EB862A1CF29B00DFECC5 /* ContactListView.swift in Sources */,
				07D7EB9D2A1E274500DFECC5 /* DetailView.swift in Sources */,
				077DAFCD2A26295000901150 /* FileManager+Extension.swift in Sources */,
				07D7EB842A1CF29B00DFECC5 /* ListContactApp.swift in Sources */,
			);
			runOnlyForDeploymentPostprocessing = 0;
		};
/* End PBXSourcesBuildPhase section */

/* Begin XCBuildConfiguration section */
		07D7EB8C2A1CF29D00DFECC5 /* Debug */ = {
			isa = XCBuildConfiguration;
			buildSettings = {
				ALWAYS_SEARCH_USER_PATHS = NO;
				CLANG_ANALYZER_NONNULL = YES;
				CLANG_ANALYZER_NUMBER_OBJECT_CONVERSION = YES_AGGRESSIVE;
				CLANG_CXX_LANGUAGE_STANDARD = "gnu++20";
				CLANG_ENABLE_MODULES = YES;
				CLANG_ENABLE_OBJC_ARC = YES;
				CLANG_ENABLE_OBJC_WEAK = YES;
				CLANG_WARN_BLOCK_CAPTURE_AUTORELEASING = YES;
				CLANG_WARN_BOOL_CONVERSION = YES;
				CLANG_WARN_COMMA = YES;
				CLANG_WARN_CONSTANT_CONVERSION = YES;
				CLANG_WARN_DEPRECATED_OBJC_IMPLEMENTATIONS = YES;
				CLANG_WARN_DIRECT_OBJC_ISA_USAGE = YES_ERROR;
				CLANG_WARN_DOCUMENTATION_COMMENTS = YES;
				CLANG_WARN_EMPTY_BODY = YES;
				CLANG_WARN_ENUM_CONVERSION = YES;
				CLANG_WARN_INFINITE_RECURSION = YES;
				CLANG_WARN_INT_CONVERSION = YES;
				CLANG_WARN_NON_LITERAL_NULL_CONVERSION = YES;
				CLANG_WARN_OBJC_IMPLICIT_RETAIN_SELF = YES;
				CLANG_WARN_OBJC_LITERAL_CONVERSION = YES;
				CLANG_WARN_OBJC_ROOT_CLASS = YES_ERROR;
				CLANG_WARN_QUOTED_INCLUDE_IN_FRAMEWORK_HEADER = YES;
				CLANG_WARN_RANGE_LOOP_ANALYSIS = YES;
				CLANG_WARN_STRICT_PROTOTYPES = YES;
				CLANG_WARN_SUSPICIOUS_MOVE = YES;
				CLANG_WARN_UNGUARDED_AVAILABILITY = YES_AGGRESSIVE;
				CLANG_WARN_UNREACHABLE_CODE = YES;
				CLANG_WARN__DUPLICATE_METHOD_MATCH = YES;
				COPY_PHASE_STRIP = NO;
				DEBUG_INFORMATION_FORMAT = dwarf;
				ENABLE_STRICT_OBJC_MSGSEND = YES;
				ENABLE_TESTABILITY = YES;
				GCC_C_LANGUAGE_STANDARD = gnu11;
				GCC_DYNAMIC_NO_PIC = NO;
				GCC_NO_COMMON_BLOCKS = YES;
				GCC_OPTIMIZATION_LEVEL = 0;
				GCC_PREPROCESSOR_DEFINITIONS = (
					"DEBUG=1",
					"$(inherited)",
				);
				GCC_WARN_64_TO_32_BIT_CONVERSION = YES;
				GCC_WARN_ABOUT_RETURN_TYPE = YES_ERROR;
				GCC_WARN_UNDECLARED_SELECTOR = YES;
				GCC_WARN_UNINITIALIZED_AUTOS = YES_AGGRESSIVE;
				GCC_WARN_UNUSED_FUNCTION = YES;
				GCC_WARN_UNUSED_VARIABLE = YES;
				IPHONEOS_DEPLOYMENT_TARGET = 16.4;
				MTL_ENABLE_DEBUG_INFO = INCLUDE_SOURCE;
				MTL_FAST_MATH = YES;
				ONLY_ACTIVE_ARCH = YES;
				SDKROOT = iphoneos;
				SWIFT_ACTIVE_COMPILATION_CONDITIONS = DEBUG;
				SWIFT_OPTIMIZATION_LEVEL = "-Onone";
			};
			name = Debug;
		};
		07D7EB8D2A1CF29D00DFECC5 /* Release */ = {
			isa = XCBuildConfiguration;
			buildSettings = {
				ALWAYS_SEARCH_USER_PATHS = NO;
				CLANG_ANALYZER_NONNULL = YES;
				CLANG_ANALYZER_NUMBER_OBJECT_CONVERSION = YES_AGGRESSIVE;
				CLANG_CXX_LANGUAGE_STANDARD = "gnu++20";
				CLANG_ENABLE_MODULES = YES;
				CLANG_ENABLE_OBJC_ARC = YES;
				CLANG_ENABLE_OBJC_WEAK = YES;
				CLANG_WARN_BLOCK_CAPTURE_AUTORELEASING = YES;
				CLANG_WARN_BOOL_CONVERSION = YES;
				CLANG_WARN_COMMA = YES;
				CLANG_WARN_CONSTANT_CONVERSION = YES;
				CLANG_WARN_DEPRECATED_OBJC_IMPLEMENTATIONS = YES;
				CLANG_WARN_DIRECT_OBJC_ISA_USAGE = YES_ERROR;
				CLANG_WARN_DOCUMENTATION_COMMENTS = YES;
				CLANG_WARN_EMPTY_BODY = YES;
				CLANG_WARN_ENUM_CONVERSION = YES;
				CLANG_WARN_INFINITE_RECURSION = YES;
				CLANG_WARN_INT_CONVERSION = YES;
				CLANG_WARN_NON_LITERAL_NULL_CONVERSION = YES;
				CLANG_WARN_OBJC_IMPLICIT_RETAIN_SELF = YES;
				CLANG_WARN_OBJC_LITERAL_CONVERSION = YES;
				CLANG_WARN_OBJC_ROOT_CLASS = YES_ERROR;
				CLANG_WARN_QUOTED_INCLUDE_IN_FRAMEWORK_HEADER = YES;
				CLANG_WARN_RANGE_LOOP_ANALYSIS = YES;
				CLANG_WARN_STRICT_PROTOTYPES = YES;
				CLANG_WARN_SUSPICIOUS_MOVE = YES;
				CLANG_WARN_UNGUARDED_AVAILABILITY = YES_AGGRESSIVE;
				CLANG_WARN_UNREACHABLE_CODE = YES;
				CLANG_WARN__DUPLICATE_METHOD_MATCH = YES;
				COPY_PHASE_STRIP = NO;
				DEBUG_INFORMATION_FORMAT = "dwarf-with-dsym";
				ENABLE_NS_ASSERTIONS = NO;
				ENABLE_STRICT_OBJC_MSGSEND = YES;
				GCC_C_LANGUAGE_STANDARD = gnu11;
				GCC_NO_COMMON_BLOCKS = YES;
				GCC_WARN_64_TO_32_BIT_CONVERSION = YES;
				GCC_WARN_ABOUT_RETURN_TYPE = YES_ERROR;
				GCC_WARN_UNDECLARED_SELECTOR = YES;
				GCC_WARN_UNINITIALIZED_AUTOS = YES_AGGRESSIVE;
				GCC_WARN_UNUSED_FUNCTION = YES;
				GCC_WARN_UNUSED_VARIABLE = YES;
				IPHONEOS_DEPLOYMENT_TARGET = 16.4;
				MTL_ENABLE_DEBUG_INFO = NO;
				MTL_FAST_MATH = YES;
				SDKROOT = iphoneos;
				SWIFT_COMPILATION_MODE = wholemodule;
				SWIFT_OPTIMIZATION_LEVEL = "-O";
				VALIDATE_PRODUCT = YES;
			};
			name = Release;
		};
		07D7EB8F2A1CF29D00DFECC5 /* Debug */ = {
			isa = XCBuildConfiguration;
			buildSettings = {
				ASSETCATALOG_COMPILER_APPICON_NAME = AppIcon;
				ASSETCATALOG_COMPILER_GLOBAL_ACCENT_COLOR_NAME = AccentColor;
				CODE_SIGN_STYLE = Automatic;
				CURRENT_PROJECT_VERSION = 1;
				DEVELOPMENT_ASSET_PATHS = "\"ListContact/Preview Content\"";
				DEVELOPMENT_TEAM = H7MDDDPC4H;
				ENABLE_PREVIEWS = YES;
				GENERATE_INFOPLIST_FILE = YES;
				INFOPLIST_KEY_UIApplicationSceneManifest_Generation = YES;
				INFOPLIST_KEY_UIApplicationSupportsIndirectInputEvents = YES;
				INFOPLIST_KEY_UILaunchScreen_Generation = YES;
				INFOPLIST_KEY_UISupportedInterfaceOrientations_iPad = "UIInterfaceOrientationPortrait UIInterfaceOrientationPortraitUpsideDown UIInterfaceOrientationLandscapeLeft UIInterfaceOrientationLandscapeRight";
				INFOPLIST_KEY_UISupportedInterfaceOrientations_iPhone = "UIInterfaceOrientationPortrait UIInterfaceOrientationLandscapeLeft UIInterfaceOrientationLandscapeRight";
				LD_RUNPATH_SEARCH_PATHS = (
					"$(inherited)",
					"@executable_path/Frameworks",
				);
				MARKETING_VERSION = 1.0;
				PRODUCT_BUNDLE_IDENTIFIER = com.eric.ListContact;
				PRODUCT_NAME = "$(TARGET_NAME)";
				SWIFT_EMIT_LOC_STRINGS = YES;
				SWIFT_VERSION = 5.0;
				TARGETED_DEVICE_FAMILY = "1,2";
			};
			name = Debug;
		};
		07D7EB902A1CF29D00DFECC5 /* Release */ = {
			isa = XCBuildConfiguration;
			buildSettings = {
				ASSETCATALOG_COMPILER_APPICON_NAME = AppIcon;
				ASSETCATALOG_COMPILER_GLOBAL_ACCENT_COLOR_NAME = AccentColor;
				CODE_SIGN_STYLE = Automatic;
				CURRENT_PROJECT_VERSION = 1;
				DEVELOPMENT_ASSET_PATHS = "\"ListContact/Preview Content\"";
				DEVELOPMENT_TEAM = H7MDDDPC4H;
				ENABLE_PREVIEWS = YES;
				GENERATE_INFOPLIST_FILE = YES;
				INFOPLIST_KEY_UIApplicationSceneManifest_Generation = YES;
				INFOPLIST_KEY_UIApplicationSupportsIndirectInputEvents = YES;
				INFOPLIST_KEY_UILaunchScreen_Generation = YES;
				INFOPLIST_KEY_UISupportedInterfaceOrientations_iPad = "UIInterfaceOrientationPortrait UIInterfaceOrientationPortraitUpsideDown UIInterfaceOrientationLandscapeLeft UIInterfaceOrientationLandscapeRight";
				INFOPLIST_KEY_UISupportedInterfaceOrientations_iPhone = "UIInterfaceOrientationPortrait UIInterfaceOrientationLandscapeLeft UIInterfaceOrientationLandscapeRight";
				LD_RUNPATH_SEARCH_PATHS = (
					"$(inherited)",
					"@executable_path/Frameworks",
				);
				MARKETING_VERSION = 1.0;
				PRODUCT_BUNDLE_IDENTIFIER = com.eric.ListContact;
				PRODUCT_NAME = "$(TARGET_NAME)";
				SWIFT_EMIT_LOC_STRINGS = YES;
				SWIFT_VERSION = 5.0;
				TARGETED_DEVICE_FAMILY = "1,2";
			};
			name = Release;
		};
/* End XCBuildConfiguration section */

/* Begin XCConfigurationList section */
		07D7EB7B2A1CF29B00DFECC5 /* Build configuration list for PBXProject "ListContact" */ = {
			isa = XCConfigurationList;
			buildConfigurations = (
				07D7EB8C2A1CF29D00DFECC5 /* Debug */,
				07D7EB8D2A1CF29D00DFECC5 /* Release */,
			);
			defaultConfigurationIsVisible = 0;
			defaultConfigurationName = Release;
		};
		07D7EB8E2A1CF29D00DFECC5 /* Build configuration list for PBXNativeTarget "ListContact" */ = {
			isa = XCConfigurationList;
			buildConfigurations = (
				07D7EB8F2A1CF29D00DFECC5 /* Debug */,
				07D7EB902A1CF29D00DFECC5 /* Release */,
			);
			defaultConfigurationIsVisible = 0;
			defaultConfigurationName = Release;
		};
/* End XCConfigurationList section */
	};
	rootObject = 07D7EB782A1CF29B00DFECC5 /* Project object */;
}
